
Microsoft Visual Studio Solution File, Format Version 12.00
# Visual Studio Version 17
VisualStudioVersion = 17.8.34004.107
MinimumVisualStudioVersion = 10.0.40219.1
Project("{9A19103F-16F7-4668-BE54-9A1E7A4F7556}") = "MauiApp1", "MauiApp1\MauiApp1.csproj", "{B5798A19-687B-48D4-A0A6-2CC816BD0AA9}"
EndProject
Project("{FAE04EC0-301F-11D3-BF4B-00C04F79EFBC}") = "WebAPI", "WebAPI\WebAPI.csproj", "{88A05A0B-F5BB-4EDE-9070-9FDC2679D56D}"
EndProject
Global
	GlobalSection(SolutionConfigurationPlatforms) = preSolution
		Debug|Any CPU = Debug|Any CPU
		Release|Any CPU = Release|Any CPU
	EndGlobalSection
	GlobalSection(ProjectConfigurationPlatforms) = postSolution
		{B5798A19-687B-48D4-A0A6-2CC816BD0AA9}.Debug|Any CPU.ActiveCfg = Debug|Any CPU
		{B5798A19-687B-48D4-A0A6-2CC816BD0AA9}.Debug|Any CPU.Build.0 = Debug|Any CPU
		{B5798A19-687B-48D4-A0A6-2CC816BD0AA9}.Debug|Any CPU.Deploy.0 = Debug|Any CPU
		{B5798A19-687B-48D4-A0A6-2CC816BD0AA9}.Release|Any CPU.ActiveCfg = Release|Any CPU
		{B5798A19-687B-48D4-A0A6-2CC816BD0AA9}.Release|Any CPU.Build.0 = Release|Any CPU
		{B5798A19-687B-48D4-A0A6-2CC816BD0AA9}.Release|Any CPU.Deploy.0 = Release|Any CPU
		{88A05A0B-F5BB-4EDE-9070-9FDC2679D56D}.Debug|Any CPU.ActiveCfg = Debug|Any CPU
		{88A05A0B-F5BB-4EDE-9070-9FDC2679D56D}.Debug|Any CPU.Build.0 = Debug|Any CPU
		{88A05A0B-F5BB-4EDE-9070-9FDC2679D56D}.Release|Any CPU.ActiveCfg = Release|Any CPU
		{88A05A0B-F5BB-4EDE-9070-9FDC2679D56D}.Release|Any CPU.Build.0 = Release|Any CPU
	EndGlobalSection
	GlobalSection(SolutionProperties) = preSolution
		HideSolutionNode = FALSE
	EndGlobalSection
	GlobalSection(ExtensibilityGlobals) = postSolution
		SolutionGuid = {DD8F8895-AA98-42A1-808B-1AB2AF9B1AE0}
	EndGlobalSection
EndGlobal
